
Microsoft Visual Studio Solution File, Format Version 12.00
# Visual Studio Version 17
VisualStudioVersion = 17.14.36310.24 d17.14
MinimumVisualStudioVersion = 10.0.40219.1
Project("{FAE04EC0-301F-11D3-BF4B-00C04F79EFBC}") = "FirstConsoleApp", "FirstConsoleApp\FirstConsoleApp.csproj", "{7D7CF385-484A-43B3-B647-8C8B75DACAB6}"
EndProject
Global
	GlobalSection(SolutionConfigurationPlatforms) = preSolution
		Debug|Any CPU = Debug|Any CPU
		Release|Any CPU = Release|Any CPU
	EndGlobalSection
	GlobalSection(ProjectConfigurationPlatforms) = postSolution
		{7D7CF385-484A-43B3-B647-8C8B75DACAB6}.Debug|Any CPU.ActiveCfg = Debug|Any CPU
		{7D7CF385-484A-43B3-B647-8C8B75DACAB6}.Debug|Any CPU.Build.0 = Debug|Any CPU
		{7D7CF385-484A-43B3-B647-8C8B75DACAB6}.Release|Any CPU.ActiveCfg = Release|Any CPU
		{7D7CF385-484A-43B3-B647-8C8B75DACAB6}.Release|Any CPU.Build.0 = Release|Any CPU
	EndGlobalSection
	GlobalSection(SolutionProperties) = preSolution
		HideSolutionNode = FALSE
	EndGlobalSection
	GlobalSection(ExtensibilityGlobals) = postSolution
		SolutionGuid = {7BAB9499-BEDD-46F3-B0EC-BD9625926D05}
	EndGlobalSection
EndGlobal
